
Microsoft Visual Studio Solution File, Format Version 12.00
# Visual Studio Version 16
VisualStudioVersion = 16.0.31624.102
MinimumVisualStudioVersion = 10.0.40219.1
Project("{FAE04EC0-301F-11D3-BF4B-00C04F79EFBC}") = "TeklaExporter", "TeklaExporter\TeklaExporter.csproj", "{258184ED-DB92-4568-AFFA-E0D487805128}"
EndProject
Global
	GlobalSection(SolutionConfigurationPlatforms) = preSolution
		Debug|Any CPU = Debug|Any CPU
		Release|Any CPU = Release|Any CPU
	EndGlobalSection
	GlobalSection(ProjectConfigurationPlatforms) = postSolution
		{258184ED-DB92-4568-AFFA-E0D487805128}.Debug|Any CPU.ActiveCfg = Debug|Any CPU
		{258184ED-DB92-4568-AFFA-E0D487805128}.Debug|Any CPU.Build.0 = Debug|Any CPU
		{258184ED-DB92-4568-AFFA-E0D487805128}.Release|Any CPU.ActiveCfg = Release|Any CPU
		{258184ED-DB92-4568-AFFA-E0D487805128}.Release|Any CPU.Build.0 = Release|Any CPU
	EndGlobalSection
	GlobalSection(SolutionProperties) = preSolution
		HideSolutionNode = FALSE
	EndGlobalSection
	GlobalSection(ExtensibilityGlobals) = postSolution
		SolutionGuid = {49CD98B6-25A0-47D9-8375-F1128179EAF4}
	EndGlobalSection
EndGlobal
